# This file was autogenerated by Stack.
# You should not edit this file by hand.
# For more information, please see the documentation at:
#   https://docs.haskellstack.org/en/stable/lock_files

packages:
- completed:
    hackage: colonnade-1.2.0.2@sha256:c95c2ecff5cfa28c736d8fa662d28b71129f67457068e3f4467b296a621607ab,2099
    pantry-tree:
      size: 327
      sha256: 98ccdd327916e0ff0ea2fa93ff9a96f5d492ae88258b330e991e6dcc4d332496
  original:
    hackage: colonnade-1.2.0.2@sha256:c95c2ecff5cfa28c736d8fa662d28b71129f67457068e3f4467b296a621607ab,2099
- completed:
    hackage: profunctors-5.4@sha256:f0cae8a572765e8fb6728c06f5482a1dc49cf36467a11f475f863000d2f6b486,2174
    pantry-tree:
      size: 1639
      sha256: 89ac1eb8f3965a746dfdc6dfa90a6c1d326e4c33c2e9e73549b3dbda4592eb01
  original:
    hackage: profunctors-5.4@sha256:f0cae8a572765e8fb6728c06f5482a1dc49cf36467a11f475f863000d2f6b486,2174
snapshots:
- completed:
    size: 565715
    url: https://raw.githubusercontent.com/commercialhaskell/stackage-snapshots/master/lts/17/7.yaml
    sha256: 1b5e4124989399e60e7a7901f0cefd910beea546131fb07a13a7208c4cc8b7ee
  original:
    url: https://raw.githubusercontent.com/commercialhaskell/stackage-snapshots/master/lts/17/7.yaml
